
Microsoft Visual Studio Solution File, Format Version 12.00
# Visual Studio Version 17
VisualStudioVersion = 17.14.36717.8 d17.14
MinimumVisualStudioVersion = 10.0.40219.1
Project("{8BC9CEB8-8B4A-11D0-8D11-00A0C91BC942}") = "final exam", "final exam.vcxproj", "{AA4029C6-C850-4AB1-9C5D-1A13F8F5DB41}"
EndProject
Global
	GlobalSection(SolutionConfigurationPlatforms) = preSolution
		Debug|x64 = Debug|x64
		Debug|x86 = Debug|x86
		Release|x64 = Release|x64
		Release|x86 = Release|x86
	EndGlobalSection
	GlobalSection(ProjectConfigurationPlatforms) = postSolution
		{AA4029C6-C850-4AB1-9C5D-1A13F8F5DB41}.Debug|x64.ActiveCfg = Debug|x64
		{AA4029C6-C850-4AB1-9C5D-1A13F8F5DB41}.Debug|x64.Build.0 = Debug|x64
		{AA4029C6-C850-4AB1-9C5D-1A13F8F5DB41}.Debug|x86.ActiveCfg = Debug|Win32
		{AA4029C6-C850-4AB1-9C5D-1A13F8F5DB41}.Debug|x86.Build.0 = Debug|Win32
		{AA4029C6-C850-4AB1-9C5D-1A13F8F5DB41}.Release|x64.ActiveCfg = Release|x64
		{AA4029C6-C850-4AB1-9C5D-1A13F8F5DB41}.Release|x64.Build.0 = Release|x64
		{AA4029C6-C850-4AB1-9C5D-1A13F8F5DB41}.Release|x86.ActiveCfg = Release|Win32
		{AA4029C6-C850-4AB1-9C5D-1A13F8F5DB41}.Release|x86.Build.0 = Release|Win32
	EndGlobalSection
	GlobalSection(SolutionProperties) = preSolution
		HideSolutionNode = FALSE
	EndGlobalSection
	GlobalSection(ExtensibilityGlobals) = postSolution
		SolutionGuid = {95E928B6-F596-4982-AFCF-3F781EC172EB}
	EndGlobalSection
EndGlobal
